{
  "name": "advanced-data-analytics",
  "version": "1.0.0",
  "lockfileVersion": 1,
  "requires": true,
  "dependencies": {
    "@kurkle/color": {
      "version": "0.3.2",
      "resolved": "https://registry.npmjs.org/@kurkle/color/-/color-0.3.2.tgz",
      "integrity": "sha512-fuscdXJ9G1qb7W8VdHi+IwRqij3lBkosAm4ydQtEmbY58OzHXqQhvlxqEkoz0yssNVn38bcpRWgA9PP+OGoisw=="
    },
    "chart.js": {
      "version": "4.4.2",
      "resolved": "https://registry.npmjs.org/chart.js/-/chart.js-4.4.2.tgz",
      "integrity": "sha512-6GD7iKwFpP5kbSD4MeRRRlTnQvxfQREy36uEtm1hzHzcOqwWx0YEHuspuoNlslu+nciLIB7fjjsHkUv/FzFcOg==",
      "requires": {
        "@kurkle/color": "^0.3.0"
      }
    },
    "immutable": {
      "version": "3.8.2",
      "resolved": "https://registry.npmjs.org/immutable/-/immutable-3.8.2.tgz",
      "integrity": "sha512-15gZoQ38eYjEjxkorfbcgBKBL6R7T459OuK+CpcWt7O3KF4uPCx2tD0uFETlUDIyo+1789crbMhTvQBSR5yBMg=="
    },
    "pandas-js": {
      "version": "0.2.4",
      "resolved": "https://registry.npmjs.org/pandas-js/-/pandas-js-0.2.4.tgz",
      "integrity": "sha512-/zZV9z/u8SOny/0RQFik6OhG0ieBZb23TRHNs4pUHj2ONDeqvlHN9742pQXVvj6IYFFm0FaAmmWuBqz/mDLFmg==",
      "requires": {
        "immutable": "^3.8.1"
      }
    },
    "typescript": {
      "version": "5.3.3",
      "resolved": "https://registry.npmjs.org/typescript/-/typescript-5.3.3.tgz",
      "integrity": "sha512-pXWcraxM0uxAS+tN0AG/BF2TyqmHO014Z070UsJ+pFvYuRSq8KH8DmWpnbXe0pEPDHXZV3FcAbJkijJ5oNEnWw==",
      "dev": true
    }
  }
}
